
Microsoft Visual Studio Solution File, Format Version 12.00
# Visual Studio Version 17
VisualStudioVersion = 17.10.34928.147
MinimumVisualStudioVersion = 10.0.40219.1
Project("{FAE04EC0-301F-11D3-BF4B-00C04F79EFBC}") = "Numerical Integration", "Numerical Integration\Numerical Integration.csproj", "{73CE9DC2-D6D3-458E-A189-E09CFACA93BE}"
EndProject
Global
	GlobalSection(SolutionConfigurationPlatforms) = preSolution
		Debug|Any CPU = Debug|Any CPU
		Release|Any CPU = Release|Any CPU
	EndGlobalSection
	GlobalSection(ProjectConfigurationPlatforms) = postSolution
		{73CE9DC2-D6D3-458E-A189-E09CFACA93BE}.Debug|Any CPU.ActiveCfg = Debug|Any CPU
		{73CE9DC2-D6D3-458E-A189-E09CFACA93BE}.Debug|Any CPU.Build.0 = Debug|Any CPU
		{73CE9DC2-D6D3-458E-A189-E09CFACA93BE}.Release|Any CPU.ActiveCfg = Release|Any CPU
		{73CE9DC2-D6D3-458E-A189-E09CFACA93BE}.Release|Any CPU.Build.0 = Release|Any CPU
	EndGlobalSection
	GlobalSection(SolutionProperties) = preSolution
		HideSolutionNode = FALSE
	EndGlobalSection
	GlobalSection(ExtensibilityGlobals) = postSolution
		SolutionGuid = {8B71D90A-61ED-409D-8927-AB3E937E2AFC}
	EndGlobalSection
EndGlobal
